
Microsoft Visual Studio Solution File, Format Version 12.00
# Visual Studio Version 17
VisualStudioVersion = 17.12.35707.178
MinimumVisualStudioVersion = 10.0.40219.1
Project("{8BC9CEB8-8B4A-11D0-8D11-00A0C91BC942}") = "001_bmi", "001_bmi\001_bmi.vcxproj", "{48500E45-289B-4FED-AD3B-3785068C21B2}"
EndProject
Project("{8BC9CEB8-8B4A-11D0-8D11-00A0C91BC942}") = "002_bmicpp", "002_bmicpp\002_bmicpp.vcxproj", "{3431B5C1-BE08-48A9-A0CC-1E4057BDE284}"
EndProject
Project("{FAE04EC0-301F-11D3-BF4B-00C04F79EFBC}") = "003_bmiCS", "003_bmiCS\003_bmiCS.csproj", "{A3EA569F-681B-42C3-900E-E2C902FAFFF8}"
EndProject
Project("{FAE04EC0-301F-11D3-BF4B-00C04F79EFBC}") = "004_bmiForm", "004_bmiForm\004_bmiForm.csproj", "{84507D1D-D3D8-4278-92DB-7CF538ED08A4}"
EndProject
Project("{FAE04EC0-301F-11D3-BF4B-00C04F79EFBC}") = "005_BMIform", "005_BMIform\005_BMIform.csproj", "{1AB3EF78-6E2B-457E-9AA8-604C2094BDBD}"
EndProject
Project("{FAE04EC0-301F-11D3-BF4B-00C04F79EFBC}") = "005-1_BMIform", "006_BMIform\005-1_BMIform.csproj", "{10AD8260-038C-4D66-A255-2814E441CD6B}"
EndProject
Project("{FAE04EC0-301F-11D3-BF4B-00C04F79EFBC}") = "005-2_BMIform", "007_bmiform\005-2_BMIform.csproj", "{C80AA101-475B-4A15-8BE4-CC2FB1E87EE7}"
EndProject
Project("{FAE04EC0-301F-11D3-BF4B-00C04F79EFBC}") = "006_login", "006_login\006_login.csproj", "{5C60F495-C298-46E3-80F4-75EF869CE740}"
EndProject
Project("{FAE04EC0-301F-11D3-BF4B-00C04F79EFBC}") = "007_format", "007_format\007_format.csproj", "{2E57C4FF-BFFA-4221-885B-01516E5E18F6}"
EndProject
Project("{FAE04EC0-301F-11D3-BF4B-00C04F79EFBC}") = "008_basicControls", "008_basicControls\008_basicControls.csproj", "{73F54F4C-753D-4605-958B-1FC483666E15}"
EndProject
Project("{FAE04EC0-301F-11D3-BF4B-00C04F79EFBC}") = "009_MessageBox", "009_MessageBox\009_MessageBox.csproj", "{C30DAB31-9DFD-45AA-A167-2FE9039525C4}"
EndProject
Project("{FAE04EC0-301F-11D3-BF4B-00C04F79EFBC}") = "010_Label Control", "010_Label Control\010_Label Control.csproj", "{9043900F-813E-45D1-8C93-6EA9C423C12B}"
EndProject
Project("{FAE04EC0-301F-11D3-BF4B-00C04F79EFBC}") = "011_checkBox", "011_checkBox\011_checkBox.csproj", "{277B8EDF-B980-4797-9F1E-942BF0CDD8A3}"
EndProject
Project("{FAE04EC0-301F-11D3-BF4B-00C04F79EFBC}") = "012_RadioButton", "012_RadioButton\012_RadioButton.csproj", "{4C7D077E-F076-498E-9756-ED62D5D986E9}"
EndProject
Project("{FAE04EC0-301F-11D3-BF4B-00C04F79EFBC}") = "014_scorecalc", "014_scorecalc\014_scorecalc.csproj", "{30744352-2AA9-4A73-8C7E-095959689D21}"
EndProject
Project("{FAE04EC0-301F-11D3-BF4B-00C04F79EFBC}") = "013_temperturecalc", "013_temperturecalc\013_temperturecalc.csproj", "{949BD103-F1A4-40F3-AD94-1232F0AD175B}"
EndProject
Project("{FAE04EC0-301F-11D3-BF4B-00C04F79EFBC}") = "015_greadcalc", "015_greadcalc\015_greadcalc.csproj", "{BC3A0245-C8B6-4BFE-89FF-0416B6232250}"
EndProject
Global
	GlobalSection(SolutionConfigurationPlatforms) = preSolution
		Debug|Any CPU = Debug|Any CPU
		Debug|x64 = Debug|x64
		Debug|x86 = Debug|x86
		Release|Any CPU = Release|Any CPU
		Release|x64 = Release|x64
		Release|x86 = Release|x86
	EndGlobalSection
	GlobalSection(ProjectConfigurationPlatforms) = postSolution
		{48500E45-289B-4FED-AD3B-3785068C21B2}.Debug|Any CPU.ActiveCfg = Debug|x64
		{48500E45-289B-4FED-AD3B-3785068C21B2}.Debug|Any CPU.Build.0 = Debug|x64
		{48500E45-289B-4FED-AD3B-3785068C21B2}.Debug|x64.ActiveCfg = Debug|x64
		{48500E45-289B-4FED-AD3B-3785068C21B2}.Debug|x64.Build.0 = Debug|x64
		{48500E45-289B-4FED-AD3B-3785068C21B2}.Debug|x86.ActiveCfg = Debug|Win32
		{48500E45-289B-4FED-AD3B-3785068C21B2}.Debug|x86.Build.0 = Debug|Win32
		{48500E45-289B-4FED-AD3B-3785068C21B2}.Release|Any CPU.ActiveCfg = Release|x64
		{48500E45-289B-4FED-AD3B-3785068C21B2}.Release|Any CPU.Build.0 = Release|x64
		{48500E45-289B-4FED-AD3B-3785068C21B2}.Release|x64.ActiveCfg = Release|x64
		{48500E45-289B-4FED-AD3B-3785068C21B2}.Release|x64.Build.0 = Release|x64
		{48500E45-289B-4FED-AD3B-3785068C21B2}.Release|x86.ActiveCfg = Release|Win32
		{48500E45-289B-4FED-AD3B-3785068C21B2}.Release|x86.Build.0 = Release|Win32
		{3431B5C1-BE08-48A9-A0CC-1E4057BDE284}.Debug|Any CPU.ActiveCfg = Debug|x64
		{3431B5C1-BE08-48A9-A0CC-1E4057BDE284}.Debug|Any CPU.Build.0 = Debug|x64
		{3431B5C1-BE08-48A9-A0CC-1E4057BDE284}.Debug|x64.ActiveCfg = Debug|x64
		{3431B5C1-BE08-48A9-A0CC-1E4057BDE284}.Debug|x64.Build.0 = Debug|x64
		{3431B5C1-BE08-48A9-A0CC-1E4057BDE284}.Debug|x86.ActiveCfg = Debug|Win32
		{3431B5C1-BE08-48A9-A0CC-1E4057BDE284}.Debug|x86.Build.0 = Debug|Win32
		{3431B5C1-BE08-48A9-A0CC-1E4057BDE284}.Release|Any CPU.ActiveCfg = Release|x64
		{3431B5C1-BE08-48A9-A0CC-1E4057BDE284}.Release|Any CPU.Build.0 = Release|x64
		{3431B5C1-BE08-48A9-A0CC-1E4057BDE284}.Release|x64.ActiveCfg = Release|x64
		{3431B5C1-BE08-48A9-A0CC-1E4057BDE284}.Release|x64.Build.0 = Release|x64
		{3431B5C1-BE08-48A9-A0CC-1E4057BDE284}.Release|x86.ActiveCfg = Release|Win32
		{3431B5C1-BE08-48A9-A0CC-1E4057BDE284}.Release|x86.Build.0 = Release|Win32
		{A3EA569F-681B-42C3-900E-E2C902FAFFF8}.Debug|Any CPU.ActiveCfg = Debug|Any CPU
		{A3EA569F-681B-42C3-900E-E2C902FAFFF8}.Debug|Any CPU.Build.0 = Debug|Any CPU
		{A3EA569F-681B-42C3-900E-E2C902FAFFF8}.Debug|x64.ActiveCfg = Debug|Any CPU
		{A3EA569F-681B-42C3-900E-E2C902FAFFF8}.Debug|x64.Build.0 = Debug|Any CPU
		{A3EA569F-681B-42C3-900E-E2C902FAFFF8}.Debug|x86.ActiveCfg = Debug|Any CPU
		{A3EA569F-681B-42C3-900E-E2C902FAFFF8}.Debug|x86.Build.0 = Debug|Any CPU
		{A3EA569F-681B-42C3-900E-E2C902FAFFF8}.Release|Any CPU.ActiveCfg = Release|Any CPU
		{A3EA569F-681B-42C3-900E-E2C902FAFFF8}.Release|Any CPU.Build.0 = Release|Any CPU
		{A3EA569F-681B-42C3-900E-E2C902FAFFF8}.Release|x64.ActiveCfg = Release|Any CPU
		{A3EA569F-681B-42C3-900E-E2C902FAFFF8}.Release|x64.Build.0 = Release|Any CPU
		{A3EA569F-681B-42C3-900E-E2C902FAFFF8}.Release|x86.ActiveCfg = Release|Any CPU
		{A3EA569F-681B-42C3-900E-E2C902FAFFF8}.Release|x86.Build.0 = Release|Any CPU
		{84507D1D-D3D8-4278-92DB-7CF538ED08A4}.Debug|Any CPU.ActiveCfg = Debug|Any CPU
		{84507D1D-D3D8-4278-92DB-7CF538ED08A4}.Debug|Any CPU.Build.0 = Debug|Any CPU
		{84507D1D-D3D8-4278-92DB-7CF538ED08A4}.Debug|x64.ActiveCfg = Debug|Any CPU
		{84507D1D-D3D8-4278-92DB-7CF538ED08A4}.Debug|x64.Build.0 = Debug|Any CPU
		{84507D1D-D3D8-4278-92DB-7CF538ED08A4}.Debug|x86.ActiveCfg = Debug|Any CPU
		{84507D1D-D3D8-4278-92DB-7CF538ED08A4}.Debug|x86.Build.0 = Debug|Any CPU
		{84507D1D-D3D8-4278-92DB-7CF538ED08A4}.Release|Any CPU.ActiveCfg = Release|Any CPU
		{84507D1D-D3D8-4278-92DB-7CF538ED08A4}.Release|Any CPU.Build.0 = Release|Any CPU
		{84507D1D-D3D8-4278-92DB-7CF538ED08A4}.Release|x64.ActiveCfg = Release|Any CPU
		{84507D1D-D3D8-4278-92DB-7CF538ED08A4}.Release|x64.Build.0 = Release|Any CPU
		{84507D1D-D3D8-4278-92DB-7CF538ED08A4}.Release|x86.ActiveCfg = Release|Any CPU
		{84507D1D-D3D8-4278-92DB-7CF538ED08A4}.Release|x86.Build.0 = Release|Any CPU
		{1AB3EF78-6E2B-457E-9AA8-604C2094BDBD}.Debug|Any CPU.ActiveCfg = Debug|Any CPU
		{1AB3EF78-6E2B-457E-9AA8-604C2094BDBD}.Debug|Any CPU.Build.0 = Debug|Any CPU
		{1AB3EF78-6E2B-457E-9AA8-604C2094BDBD}.Debug|x64.ActiveCfg = Debug|Any CPU
		{1AB3EF78-6E2B-457E-9AA8-604C2094BDBD}.Debug|x64.Build.0 = Debug|Any CPU
		{1AB3EF78-6E2B-457E-9AA8-604C2094BDBD}.Debug|x86.ActiveCfg = Debug|Any CPU
		{1AB3EF78-6E2B-457E-9AA8-604C2094BDBD}.Debug|x86.Build.0 = Debug|Any CPU
		{1AB3EF78-6E2B-457E-9AA8-604C2094BDBD}.Release|Any CPU.ActiveCfg = Release|Any CPU
		{1AB3EF78-6E2B-457E-9AA8-604C2094BDBD}.Release|Any CPU.Build.0 = Release|Any CPU
		{1AB3EF78-6E2B-457E-9AA8-604C2094BDBD}.Release|x64.ActiveCfg = Release|Any CPU
		{1AB3EF78-6E2B-457E-9AA8-604C2094BDBD}.Release|x64.Build.0 = Release|Any CPU
		{1AB3EF78-6E2B-457E-9AA8-604C2094BDBD}.Release|x86.ActiveCfg = Release|Any CPU
		{1AB3EF78-6E2B-457E-9AA8-604C2094BDBD}.Release|x86.Build.0 = Release|Any CPU
		{10AD8260-038C-4D66-A255-2814E441CD6B}.Debug|Any CPU.ActiveCfg = Debug|Any CPU
		{10AD8260-038C-4D66-A255-2814E441CD6B}.Debug|Any CPU.Build.0 = Debug|Any CPU
		{10AD8260-038C-4D66-A255-2814E441CD6B}.Debug|x64.ActiveCfg = Debug|Any CPU
		{10AD8260-038C-4D66-A255-2814E441CD6B}.Debug|x64.Build.0 = Debug|Any CPU
		{10AD8260-038C-4D66-A255-2814E441CD6B}.Debug|x86.ActiveCfg = Debug|Any CPU
		{10AD8260-038C-4D66-A255-2814E441CD6B}.Debug|x86.Build.0 = Debug|Any CPU
		{10AD8260-038C-4D66-A255-2814E441CD6B}.Release|Any CPU.ActiveCfg = Release|Any CPU
		{10AD8260-038C-4D66-A255-2814E441CD6B}.Release|Any CPU.Build.0 = Release|Any CPU
		{10AD8260-038C-4D66-A255-2814E441CD6B}.Release|x64.ActiveCfg = Release|Any CPU
		{10AD8260-038C-4D66-A255-2814E441CD6B}.Release|x64.Build.0 = Release|Any CPU
		{10AD8260-038C-4D66-A255-2814E441CD6B}.Release|x86.ActiveCfg = Release|Any CPU
		{10AD8260-038C-4D66-A255-2814E441CD6B}.Release|x86.Build.0 = Release|Any CPU
		{C80AA101-475B-4A15-8BE4-CC2FB1E87EE7}.Debug|Any CPU.ActiveCfg = Debug|Any CPU
		{C80AA101-475B-4A15-8BE4-CC2FB1E87EE7}.Debug|Any CPU.Build.0 = Debug|Any CPU
		{C80AA101-475B-4A15-8BE4-CC2FB1E87EE7}.Debug|x64.ActiveCfg = Debug|Any CPU
		{C80AA101-475B-4A15-8BE4-CC2FB1E87EE7}.Debug|x64.Build.0 = Debug|Any CPU
		{C80AA101-475B-4A15-8BE4-CC2FB1E87EE7}.Debug|x86.ActiveCfg = Debug|Any CPU
		{C80AA101-475B-4A15-8BE4-CC2FB1E87EE7}.Debug|x86.Build.0 = Debug|Any CPU
		{C80AA101-475B-4A15-8BE4-CC2FB1E87EE7}.Release|Any CPU.ActiveCfg = Release|Any CPU
		{C80AA101-475B-4A15-8BE4-CC2FB1E87EE7}.Release|Any CPU.Build.0 = Release|Any CPU
		{C80AA101-475B-4A15-8BE4-CC2FB1E87EE7}.Release|x64.ActiveCfg = Release|Any CPU
		{C80AA101-475B-4A15-8BE4-CC2FB1E87EE7}.Release|x64.Build.0 = Release|Any CPU
		{C80AA101-475B-4A15-8BE4-CC2FB1E87EE7}.Release|x86.ActiveCfg = Release|Any CPU
		{C80AA101-475B-4A15-8BE4-CC2FB1E87EE7}.Release|x86.Build.0 = Release|Any CPU
		{5C60F495-C298-46E3-80F4-75EF869CE740}.Debug|Any CPU.ActiveCfg = Debug|Any CPU
		{5C60F495-C298-46E3-80F4-75EF869CE740}.Debug|Any CPU.Build.0 = Debug|Any CPU
		{5C60F495-C298-46E3-80F4-75EF869CE740}.Debug|x64.ActiveCfg = Debug|Any CPU
		{5C60F495-C298-46E3-80F4-75EF869CE740}.Debug|x64.Build.0 = Debug|Any CPU
		{5C60F495-C298-46E3-80F4-75EF869CE740}.Debug|x86.ActiveCfg = Debug|Any CPU
		{5C60F495-C298-46E3-80F4-75EF869CE740}.Debug|x86.Build.0 = Debug|Any CPU
		{5C60F495-C298-46E3-80F4-75EF869CE740}.Release|Any CPU.ActiveCfg = Release|Any CPU
		{5C60F495-C298-46E3-80F4-75EF869CE740}.Release|Any CPU.Build.0 = Release|Any CPU
		{5C60F495-C298-46E3-80F4-75EF869CE740}.Release|x64.ActiveCfg = Release|Any CPU
		{5C60F495-C298-46E3-80F4-75EF869CE740}.Release|x64.Build.0 = Release|Any CPU
		{5C60F495-C298-46E3-80F4-75EF869CE740}.Release|x86.ActiveCfg = Release|Any CPU
		{5C60F495-C298-46E3-80F4-75EF869CE740}.Release|x86.Build.0 = Release|Any CPU
		{2E57C4FF-BFFA-4221-885B-01516E5E18F6}.Debug|Any CPU.ActiveCfg = Debug|Any CPU
		{2E57C4FF-BFFA-4221-885B-01516E5E18F6}.Debug|Any CPU.Build.0 = Debug|Any CPU
		{2E57C4FF-BFFA-4221-885B-01516E5E18F6}.Debug|x64.ActiveCfg = Debug|Any CPU
		{2E57C4FF-BFFA-4221-885B-01516E5E18F6}.Debug|x64.Build.0 = Debug|Any CPU
		{2E57C4FF-BFFA-4221-885B-01516E5E18F6}.Debug|x86.ActiveCfg = Debug|Any CPU
		{2E57C4FF-BFFA-4221-885B-01516E5E18F6}.Debug|x86.Build.0 = Debug|Any CPU
		{2E57C4FF-BFFA-4221-885B-01516E5E18F6}.Release|Any CPU.ActiveCfg = Release|Any CPU
		{2E57C4FF-BFFA-4221-885B-01516E5E18F6}.Release|Any CPU.Build.0 = Release|Any CPU
		{2E57C4FF-BFFA-4221-885B-01516E5E18F6}.Release|x64.ActiveCfg = Release|Any CPU
		{2E57C4FF-BFFA-4221-885B-01516E5E18F6}.Release|x64.Build.0 = Release|Any CPU
		{2E57C4FF-BFFA-4221-885B-01516E5E18F6}.Release|x86.ActiveCfg = Release|Any CPU
		{2E57C4FF-BFFA-4221-885B-01516E5E18F6}.Release|x86.Build.0 = Release|Any CPU
		{73F54F4C-753D-4605-958B-1FC483666E15}.Debug|Any CPU.ActiveCfg = Debug|Any CPU
		{73F54F4C-753D-4605-958B-1FC483666E15}.Debug|Any CPU.Build.0 = Debug|Any CPU
		{73F54F4C-753D-4605-958B-1FC483666E15}.Debug|x64.ActiveCfg = Debug|Any CPU
		{73F54F4C-753D-4605-958B-1FC483666E15}.Debug|x64.Build.0 = Debug|Any CPU
		{73F54F4C-753D-4605-958B-1FC483666E15}.Debug|x86.ActiveCfg = Debug|Any CPU
		{73F54F4C-753D-4605-958B-1FC483666E15}.Debug|x86.Build.0 = Debug|Any CPU
		{73F54F4C-753D-4605-958B-1FC483666E15}.Release|Any CPU.ActiveCfg = Release|Any CPU
		{73F54F4C-753D-4605-958B-1FC483666E15}.Release|Any CPU.Build.0 = Release|Any CPU
		{73F54F4C-753D-4605-958B-1FC483666E15}.Release|x64.ActiveCfg = Release|Any CPU
		{73F54F4C-753D-4605-958B-1FC483666E15}.Release|x64.Build.0 = Release|Any CPU
		{73F54F4C-753D-4605-958B-1FC483666E15}.Release|x86.ActiveCfg = Release|Any CPU
		{73F54F4C-753D-4605-958B-1FC483666E15}.Release|x86.Build.0 = Release|Any CPU
		{C30DAB31-9DFD-45AA-A167-2FE9039525C4}.Debug|Any CPU.ActiveCfg = Debug|Any CPU
		{C30DAB31-9DFD-45AA-A167-2FE9039525C4}.Debug|Any CPU.Build.0 = Debug|Any CPU
		{C30DAB31-9DFD-45AA-A167-2FE9039525C4}.Debug|x64.ActiveCfg = Debug|Any CPU
		{C30DAB31-9DFD-45AA-A167-2FE9039525C4}.Debug|x64.Build.0 = Debug|Any CPU
		{C30DAB31-9DFD-45AA-A167-2FE9039525C4}.Debug|x86.ActiveCfg = Debug|Any CPU
		{C30DAB31-9DFD-45AA-A167-2FE9039525C4}.Debug|x86.Build.0 = Debug|Any CPU
		{C30DAB31-9DFD-45AA-A167-2FE9039525C4}.Release|Any CPU.ActiveCfg = Release|Any CPU
		{C30DAB31-9DFD-45AA-A167-2FE9039525C4}.Release|Any CPU.Build.0 = Release|Any CPU
		{C30DAB31-9DFD-45AA-A167-2FE9039525C4}.Release|x64.ActiveCfg = Release|Any CPU
		{C30DAB31-9DFD-45AA-A167-2FE9039525C4}.Release|x64.Build.0 = Release|Any CPU
		{C30DAB31-9DFD-45AA-A167-2FE9039525C4}.Release|x86.ActiveCfg = Release|Any CPU
		{C30DAB31-9DFD-45AA-A167-2FE9039525C4}.Release|x86.Build.0 = Release|Any CPU
		{9043900F-813E-45D1-8C93-6EA9C423C12B}.Debug|Any CPU.ActiveCfg = Debug|Any CPU
		{9043900F-813E-45D1-8C93-6EA9C423C12B}.Debug|Any CPU.Build.0 = Debug|Any CPU
		{9043900F-813E-45D1-8C93-6EA9C423C12B}.Debug|x64.ActiveCfg = Debug|Any CPU
		{9043900F-813E-45D1-8C93-6EA9C423C12B}.Debug|x64.Build.0 = Debug|Any CPU
		{9043900F-813E-45D1-8C93-6EA9C423C12B}.Debug|x86.ActiveCfg = Debug|Any CPU
		{9043900F-813E-45D1-8C93-6EA9C423C12B}.Debug|x86.Build.0 = Debug|Any CPU
		{9043900F-813E-45D1-8C93-6EA9C423C12B}.Release|Any CPU.ActiveCfg = Release|Any CPU
		{9043900F-813E-45D1-8C93-6EA9C423C12B}.Release|Any CPU.Build.0 = Release|Any CPU
		{9043900F-813E-45D1-8C93-6EA9C423C12B}.Release|x64.ActiveCfg = Release|Any CPU
		{9043900F-813E-45D1-8C93-6EA9C423C12B}.Release|x64.Build.0 = Release|Any CPU
		{9043900F-813E-45D1-8C93-6EA9C423C12B}.Release|x86.ActiveCfg = Release|Any CPU
		{9043900F-813E-45D1-8C93-6EA9C423C12B}.Release|x86.Build.0 = Release|Any CPU
		{277B8EDF-B980-4797-9F1E-942BF0CDD8A3}.Debug|Any CPU.ActiveCfg = Debug|Any CPU
		{277B8EDF-B980-4797-9F1E-942BF0CDD8A3}.Debug|Any CPU.Build.0 = Debug|Any CPU
		{277B8EDF-B980-4797-9F1E-942BF0CDD8A3}.Debug|x64.ActiveCfg = Debug|Any CPU
		{277B8EDF-B980-4797-9F1E-942BF0CDD8A3}.Debug|x64.Build.0 = Debug|Any CPU
		{277B8EDF-B980-4797-9F1E-942BF0CDD8A3}.Debug|x86.ActiveCfg = Debug|Any CPU
		{277B8EDF-B980-4797-9F1E-942BF0CDD8A3}.Debug|x86.Build.0 = Debug|Any CPU
		{277B8EDF-B980-4797-9F1E-942BF0CDD8A3}.Release|Any CPU.ActiveCfg = Release|Any CPU
		{277B8EDF-B980-4797-9F1E-942BF0CDD8A3}.Release|Any CPU.Build.0 = Release|Any CPU
		{277B8EDF-B980-4797-9F1E-942BF0CDD8A3}.Release|x64.ActiveCfg = Release|Any CPU
		{277B8EDF-B980-4797-9F1E-942BF0CDD8A3}.Release|x64.Build.0 = Release|Any CPU
		{277B8EDF-B980-4797-9F1E-942BF0CDD8A3}.Release|x86.ActiveCfg = Release|Any CPU
		{277B8EDF-B980-4797-9F1E-942BF0CDD8A3}.Release|x86.Build.0 = Release|Any CPU
		{4C7D077E-F076-498E-9756-ED62D5D986E9}.Debug|Any CPU.ActiveCfg = Debug|Any CPU
		{4C7D077E-F076-498E-9756-ED62D5D986E9}.Debug|Any CPU.Build.0 = Debug|Any CPU
		{4C7D077E-F076-498E-9756-ED62D5D986E9}.Debug|x64.ActiveCfg = Debug|Any CPU
		{4C7D077E-F076-498E-9756-ED62D5D986E9}.Debug|x64.Build.0 = Debug|Any CPU
		{4C7D077E-F076-498E-9756-ED62D5D986E9}.Debug|x86.ActiveCfg = Debug|Any CPU
		{4C7D077E-F076-498E-9756-ED62D5D986E9}.Debug|x86.Build.0 = Debug|Any CPU
		{4C7D077E-F076-498E-9756-ED62D5D986E9}.Release|Any CPU.ActiveCfg = Release|Any CPU
		{4C7D077E-F076-498E-9756-ED62D5D986E9}.Release|Any CPU.Build.0 = Release|Any CPU
		{4C7D077E-F076-498E-9756-ED62D5D986E9}.Release|x64.ActiveCfg = Release|Any CPU
		{4C7D077E-F076-498E-9756-ED62D5D986E9}.Release|x64.Build.0 = Release|Any CPU
		{4C7D077E-F076-498E-9756-ED62D5D986E9}.Release|x86.ActiveCfg = Release|Any CPU
		{4C7D077E-F076-498E-9756-ED62D5D986E9}.Release|x86.Build.0 = Release|Any CPU
		{30744352-2AA9-4A73-8C7E-095959689D21}.Debug|Any CPU.ActiveCfg = Debug|Any CPU
		{30744352-2AA9-4A73-8C7E-095959689D21}.Debug|Any CPU.Build.0 = Debug|Any CPU
		{30744352-2AA9-4A73-8C7E-095959689D21}.Debug|x64.ActiveCfg = Debug|Any CPU
		{30744352-2AA9-4A73-8C7E-095959689D21}.Debug|x64.Build.0 = Debug|Any CPU
		{30744352-2AA9-4A73-8C7E-095959689D21}.Debug|x86.ActiveCfg = Debug|Any CPU
		{30744352-2AA9-4A73-8C7E-095959689D21}.Debug|x86.Build.0 = Debug|Any CPU
		{30744352-2AA9-4A73-8C7E-095959689D21}.Release|Any CPU.ActiveCfg = Release|Any CPU
		{30744352-2AA9-4A73-8C7E-095959689D21}.Release|Any CPU.Build.0 = Release|Any CPU
		{30744352-2AA9-4A73-8C7E-095959689D21}.Release|x64.ActiveCfg = Release|Any CPU
		{30744352-2AA9-4A73-8C7E-095959689D21}.Release|x64.Build.0 = Release|Any CPU
		{30744352-2AA9-4A73-8C7E-095959689D21}.Release|x86.ActiveCfg = Release|Any CPU
		{30744352-2AA9-4A73-8C7E-095959689D21}.Release|x86.Build.0 = Release|Any CPU
		{949BD103-F1A4-40F3-AD94-1232F0AD175B}.Debug|Any CPU.ActiveCfg = Debug|Any CPU
		{949BD103-F1A4-40F3-AD94-1232F0AD175B}.Debug|Any CPU.Build.0 = Debug|Any CPU
		{949BD103-F1A4-40F3-AD94-1232F0AD175B}.Debug|x64.ActiveCfg = Debug|Any CPU
		{949BD103-F1A4-40F3-AD94-1232F0AD175B}.Debug|x64.Build.0 = Debug|Any CPU
		{949BD103-F1A4-40F3-AD94-1232F0AD175B}.Debug|x86.ActiveCfg = Debug|Any CPU
		{949BD103-F1A4-40F3-AD94-1232F0AD175B}.Debug|x86.Build.0 = Debug|Any CPU
		{949BD103-F1A4-40F3-AD94-1232F0AD175B}.Release|Any CPU.ActiveCfg = Release|Any CPU
		{949BD103-F1A4-40F3-AD94-1232F0AD175B}.Release|Any CPU.Build.0 = Release|Any CPU
		{949BD103-F1A4-40F3-AD94-1232F0AD175B}.Release|x64.ActiveCfg = Release|Any CPU
		{949BD103-F1A4-40F3-AD94-1232F0AD175B}.Release|x64.Build.0 = Release|Any CPU
		{949BD103-F1A4-40F3-AD94-1232F0AD175B}.Release|x86.ActiveCfg = Release|Any CPU
		{949BD103-F1A4-40F3-AD94-1232F0AD175B}.Release|x86.Build.0 = Release|Any CPU
		{BC3A0245-C8B6-4BFE-89FF-0416B6232250}.Debug|Any CPU.ActiveCfg = Debug|Any CPU
		{BC3A0245-C8B6-4BFE-89FF-0416B6232250}.Debug|Any CPU.Build.0 = Debug|Any CPU
		{BC3A0245-C8B6-4BFE-89FF-0416B6232250}.Debug|x64.ActiveCfg = Debug|Any CPU
		{BC3A0245-C8B6-4BFE-89FF-0416B6232250}.Debug|x64.Build.0 = Debug|Any CPU
		{BC3A0245-C8B6-4BFE-89FF-0416B6232250}.Debug|x86.ActiveCfg = Debug|Any CPU
		{BC3A0245-C8B6-4BFE-89FF-0416B6232250}.Debug|x86.Build.0 = Debug|Any CPU
		{BC3A0245-C8B6-4BFE-89FF-0416B6232250}.Release|Any CPU.ActiveCfg = Release|Any CPU
		{BC3A0245-C8B6-4BFE-89FF-0416B6232250}.Release|Any CPU.Build.0 = Release|Any CPU
		{BC3A0245-C8B6-4BFE-89FF-0416B6232250}.Release|x64.ActiveCfg = Release|Any CPU
		{BC3A0245-C8B6-4BFE-89FF-0416B6232250}.Release|x64.Build.0 = Release|Any CPU
		{BC3A0245-C8B6-4BFE-89FF-0416B6232250}.Release|x86.ActiveCfg = Release|Any CPU
		{BC3A0245-C8B6-4BFE-89FF-0416B6232250}.Release|x86.Build.0 = Release|Any CPU
	EndGlobalSection
	GlobalSection(SolutionProperties) = preSolution
		HideSolutionNode = FALSE
	EndGlobalSection
	GlobalSection(ExtensibilityGlobals) = postSolution
		SolutionGuid = {09B0943E-4951-469D-A352-3A903C053292}
	EndGlobalSection
EndGlobal
